
Microsoft Visual Studio Solution File, Format Version 12.00
# Visual Studio Version 17
VisualStudioVersion = 17.8.34525.116
MinimumVisualStudioVersion = 10.0.40219.1
Project("{9A19103F-16F7-4668-BE54-9A1E7A4F7556}") = "WebApi", "WebApi\WebApi.csproj", "{421A89DF-5FE2-4B25-B270-BC5EFA094290}"
EndProject
Project("{2150E333-8FDC-42A3-9474-1A3956D46DE8}") = "3. Presentation", "3. Presentation", "{13DFEE81-F20D-4A6C-98E5-66BE35C4BC27}"
EndProject
Project("{2150E333-8FDC-42A3-9474-1A3956D46DE8}") = "2. Core", "2. Core", "{F0993E96-4C44-4224-AFC6-EC4EFCED0825}"
EndProject
Project("{2150E333-8FDC-42A3-9474-1A3956D46DE8}") = "4. Tests", "4. Tests", "{657EE2D1-F677-4AF1-973F-DCCF109AA700}"
EndProject
Project("{9A19103F-16F7-4668-BE54-9A1E7A4F7556}") = "Caching", "Caching\Caching.csproj", "{91ED9CFF-DD52-411B-8E88-ECF507FE0A5E}"
EndProject
Project("{9A19103F-16F7-4668-BE54-9A1E7A4F7556}") = "Infrastructure", "Infrastructure\Infrastructure.csproj", "{C38AFC60-8051-4CA7-B197-83D9A16A0BB1}"
EndProject
Project("{9A19103F-16F7-4668-BE54-9A1E7A4F7556}") = "Domain", "Domain\Domain.csproj", "{89ABB45A-F3FB-434E-89B0-228BECE5786B}"
EndProject
Project("{2150E333-8FDC-42A3-9474-1A3956D46DE8}") = "1. Libraries", "1. Libraries", "{D0D5F820-F011-4B9D-9A1D-191688EA6578}"
EndProject
Project("{9A19103F-16F7-4668-BE54-9A1E7A4F7556}") = "Application", "Application\Application.csproj", "{F9B8F8A4-3B5F-4653-8AA9-FC6620BB4BCA}"
EndProject
Project("{FAE04EC0-301F-11D3-BF4B-00C04F79EFBC}") = "Application.Tests", "Application.Tests\Application.Tests.csproj", "{1E88FED0-AA15-40C9-BBD8-AC5D64363FF3}"
EndProject
Project("{FAE04EC0-301F-11D3-BF4B-00C04F79EFBC}") = "Infrastructure.Tests", "Infrastructure.Tests\Infrastructure.Tests.csproj", "{FD52AB87-4B29-4756-BB32-C842D1B9439C}"
EndProject
Project("{FAE04EC0-301F-11D3-BF4B-00C04F79EFBC}") = "WebApi.Tests", "WebApi.Tests\WebApi.Tests.csproj", "{A902E884-0EA5-474B-A40E-AE27A0E037A2}"
EndProject
Global
	GlobalSection(SolutionConfigurationPlatforms) = preSolution
		Debug|Any CPU = Debug|Any CPU
		Release|Any CPU = Release|Any CPU
	EndGlobalSection
	GlobalSection(ProjectConfigurationPlatforms) = postSolution
		{421A89DF-5FE2-4B25-B270-BC5EFA094290}.Debug|Any CPU.ActiveCfg = Debug|Any CPU
		{421A89DF-5FE2-4B25-B270-BC5EFA094290}.Debug|Any CPU.Build.0 = Debug|Any CPU
		{421A89DF-5FE2-4B25-B270-BC5EFA094290}.Release|Any CPU.ActiveCfg = Release|Any CPU
		{421A89DF-5FE2-4B25-B270-BC5EFA094290}.Release|Any CPU.Build.0 = Release|Any CPU
		{91ED9CFF-DD52-411B-8E88-ECF507FE0A5E}.Debug|Any CPU.ActiveCfg = Debug|Any CPU
		{91ED9CFF-DD52-411B-8E88-ECF507FE0A5E}.Debug|Any CPU.Build.0 = Debug|Any CPU
		{91ED9CFF-DD52-411B-8E88-ECF507FE0A5E}.Release|Any CPU.ActiveCfg = Release|Any CPU
		{91ED9CFF-DD52-411B-8E88-ECF507FE0A5E}.Release|Any CPU.Build.0 = Release|Any CPU
		{C38AFC60-8051-4CA7-B197-83D9A16A0BB1}.Debug|Any CPU.ActiveCfg = Debug|Any CPU
		{C38AFC60-8051-4CA7-B197-83D9A16A0BB1}.Debug|Any CPU.Build.0 = Debug|Any CPU
		{C38AFC60-8051-4CA7-B197-83D9A16A0BB1}.Release|Any CPU.ActiveCfg = Release|Any CPU
		{C38AFC60-8051-4CA7-B197-83D9A16A0BB1}.Release|Any CPU.Build.0 = Release|Any CPU
		{89ABB45A-F3FB-434E-89B0-228BECE5786B}.Debug|Any CPU.ActiveCfg = Debug|Any CPU
		{89ABB45A-F3FB-434E-89B0-228BECE5786B}.Debug|Any CPU.Build.0 = Debug|Any CPU
		{89ABB45A-F3FB-434E-89B0-228BECE5786B}.Release|Any CPU.ActiveCfg = Release|Any CPU
		{89ABB45A-F3FB-434E-89B0-228BECE5786B}.Release|Any CPU.Build.0 = Release|Any CPU
		{F9B8F8A4-3B5F-4653-8AA9-FC6620BB4BCA}.Debug|Any CPU.ActiveCfg = Debug|Any CPU
		{F9B8F8A4-3B5F-4653-8AA9-FC6620BB4BCA}.Debug|Any CPU.Build.0 = Debug|Any CPU
		{F9B8F8A4-3B5F-4653-8AA9-FC6620BB4BCA}.Release|Any CPU.ActiveCfg = Release|Any CPU
		{F9B8F8A4-3B5F-4653-8AA9-FC6620BB4BCA}.Release|Any CPU.Build.0 = Release|Any CPU
		{1E88FED0-AA15-40C9-BBD8-AC5D64363FF3}.Debug|Any CPU.ActiveCfg = Debug|Any CPU
		{1E88FED0-AA15-40C9-BBD8-AC5D64363FF3}.Debug|Any CPU.Build.0 = Debug|Any CPU
		{1E88FED0-AA15-40C9-BBD8-AC5D64363FF3}.Release|Any CPU.ActiveCfg = Release|Any CPU
		{1E88FED0-AA15-40C9-BBD8-AC5D64363FF3}.Release|Any CPU.Build.0 = Release|Any CPU
		{FD52AB87-4B29-4756-BB32-C842D1B9439C}.Debug|Any CPU.ActiveCfg = Debug|Any CPU
		{FD52AB87-4B29-4756-BB32-C842D1B9439C}.Debug|Any CPU.Build.0 = Debug|Any CPU
		{FD52AB87-4B29-4756-BB32-C842D1B9439C}.Release|Any CPU.ActiveCfg = Release|Any CPU
		{FD52AB87-4B29-4756-BB32-C842D1B9439C}.Release|Any CPU.Build.0 = Release|Any CPU
		{A902E884-0EA5-474B-A40E-AE27A0E037A2}.Debug|Any CPU.ActiveCfg = Debug|Any CPU
		{A902E884-0EA5-474B-A40E-AE27A0E037A2}.Debug|Any CPU.Build.0 = Debug|Any CPU
		{A902E884-0EA5-474B-A40E-AE27A0E037A2}.Release|Any CPU.ActiveCfg = Release|Any CPU
		{A902E884-0EA5-474B-A40E-AE27A0E037A2}.Release|Any CPU.Build.0 = Release|Any CPU
	EndGlobalSection
	GlobalSection(SolutionProperties) = preSolution
		HideSolutionNode = FALSE
	EndGlobalSection
	GlobalSection(NestedProjects) = preSolution
		{421A89DF-5FE2-4B25-B270-BC5EFA094290} = {13DFEE81-F20D-4A6C-98E5-66BE35C4BC27}
		{91ED9CFF-DD52-411B-8E88-ECF507FE0A5E} = {D0D5F820-F011-4B9D-9A1D-191688EA6578}
		{C38AFC60-8051-4CA7-B197-83D9A16A0BB1} = {F0993E96-4C44-4224-AFC6-EC4EFCED0825}
		{89ABB45A-F3FB-434E-89B0-228BECE5786B} = {F0993E96-4C44-4224-AFC6-EC4EFCED0825}
		{F9B8F8A4-3B5F-4653-8AA9-FC6620BB4BCA} = {13DFEE81-F20D-4A6C-98E5-66BE35C4BC27}
		{1E88FED0-AA15-40C9-BBD8-AC5D64363FF3} = {657EE2D1-F677-4AF1-973F-DCCF109AA700}
		{FD52AB87-4B29-4756-BB32-C842D1B9439C} = {657EE2D1-F677-4AF1-973F-DCCF109AA700}
		{A902E884-0EA5-474B-A40E-AE27A0E037A2} = {657EE2D1-F677-4AF1-973F-DCCF109AA700}
	EndGlobalSection
	GlobalSection(ExtensibilityGlobals) = postSolution
		SolutionGuid = {EE25A425-D389-428F-BADA-ABCEC35C4BD6}
	EndGlobalSection
EndGlobal
